
Microsoft Visual Studio Solution File, Format Version 12.00
# Visual Studio 15
VisualStudioVersion = 15.0.26403.7
MinimumVisualStudioVersion = 10.0.40219.1
Project("{FAE04EC0-301F-11D3-BF4B-00C04F79EFBC}") = "Exercise1", "Exercise1\Exercise1.csproj", "{C4FFB3DB-E84F-4559-9259-05C57EB64DFF}"
EndProject
Project("{FAE04EC0-301F-11D3-BF4B-00C04F79EFBC}") = "Exercise2", "Exercise2\Exercise2.csproj", "{2B4FF53D-D92C-4FDB-9EFA-71CD90992F34}"
EndProject
Project("{FAE04EC0-301F-11D3-BF4B-00C04F79EFBC}") = "UnitTests", "UnitTests\UnitTests.csproj", "{C99E58C9-D52C-4B1E-9C1C-8210D3C2D3D3}"
EndProject
Global
	GlobalSection(SolutionConfigurationPlatforms) = preSolution
		Debug|Any CPU = Debug|Any CPU
		Release|Any CPU = Release|Any CPU
	EndGlobalSection
	GlobalSection(ProjectConfigurationPlatforms) = postSolution
		{C4FFB3DB-E84F-4559-9259-05C57EB64DFF}.Debug|Any CPU.ActiveCfg = Debug|Any CPU
		{C4FFB3DB-E84F-4559-9259-05C57EB64DFF}.Debug|Any CPU.Build.0 = Debug|Any CPU
		{C4FFB3DB-E84F-4559-9259-05C57EB64DFF}.Release|Any CPU.ActiveCfg = Release|Any CPU
		{C4FFB3DB-E84F-4559-9259-05C57EB64DFF}.Release|Any CPU.Build.0 = Release|Any CPU
		{2B4FF53D-D92C-4FDB-9EFA-71CD90992F34}.Debug|Any CPU.ActiveCfg = Debug|Any CPU
		{2B4FF53D-D92C-4FDB-9EFA-71CD90992F34}.Debug|Any CPU.Build.0 = Debug|Any CPU
		{2B4FF53D-D92C-4FDB-9EFA-71CD90992F34}.Release|Any CPU.ActiveCfg = Release|Any CPU
		{2B4FF53D-D92C-4FDB-9EFA-71CD90992F34}.Release|Any CPU.Build.0 = Release|Any CPU
		{C99E58C9-D52C-4B1E-9C1C-8210D3C2D3D3}.Debug|Any CPU.ActiveCfg = Debug|Any CPU
		{C99E58C9-D52C-4B1E-9C1C-8210D3C2D3D3}.Debug|Any CPU.Build.0 = Debug|Any CPU
		{C99E58C9-D52C-4B1E-9C1C-8210D3C2D3D3}.Release|Any CPU.ActiveCfg = Release|Any CPU
		{C99E58C9-D52C-4B1E-9C1C-8210D3C2D3D3}.Release|Any CPU.Build.0 = Release|Any CPU
	EndGlobalSection
	GlobalSection(SolutionProperties) = preSolution
		HideSolutionNode = FALSE
	EndGlobalSection
EndGlobal
